
Microsoft Visual Studio Solution File, Format Version 12.00
# Visual Studio 2012
Project("{8BC9CEB8-8B4A-11D0-8D11-00A0C91BC942}") = "TP4", "TP4\TP4.vcxproj", "{6EBEE3F1-ED62-4E58-B276-F3026AFBAEEF}"
EndProject
Project("{2150E333-8FDC-42A3-9474-1A3956D46DE8}") = "Solution Items", "Solution Items", "{A1E3A438-8141-4C16-83EF-EE2FFF455F29}"
EndProject
Global
	GlobalSection(SolutionConfigurationPlatforms) = preSolution
		Debug|Win32 = Debug|Win32
		Release|Win32 = Release|Win32
	EndGlobalSection
	GlobalSection(ProjectConfigurationPlatforms) = postSolution
		{6EBEE3F1-ED62-4E58-B276-F3026AFBAEEF}.Debug|Win32.ActiveCfg = Debug|Win32
		{6EBEE3F1-ED62-4E58-B276-F3026AFBAEEF}.Debug|Win32.Build.0 = Debug|Win32
		{6EBEE3F1-ED62-4E58-B276-F3026AFBAEEF}.Release|Win32.ActiveCfg = Release|Win32
		{6EBEE3F1-ED62-4E58-B276-F3026AFBAEEF}.Release|Win32.Build.0 = Release|Win32
	EndGlobalSection
	GlobalSection(SolutionProperties) = preSolution
		HideSolutionNode = FALSE
	EndGlobalSection
EndGlobal
